{
	"name": "@rbxts/t",
	"version": "2.1.1",
	"lockfileVersion": 1,
	"requires": true,
	"dependencies": {
		"@rbxts/types": {
			"version": "1.0.434",
			"resolved": "https://registry.npmjs.org/@rbxts/types/-/types-1.0.434.tgz",
			"integrity": "sha512-WvFLAyPIvwmaTjMK/oC2vHtGV0QDBmK4/CbGoShUM0QkGEdRSLDuPD8KVwoljTTb2Xx86TaTk0DLwMqTumE6rQ=="
		}
	}
}
