{
	"name": "@rbxts/t",
	"version": "3.0.0",
	"lockfileVersion": 2,
	"requires": true,
	"packages": {
		"": {
			"name": "@rbxts/t",
			"version": "3.0.0",
			"license": "ISC",
			"devDependencies": {
				"@rbxts/compiler-types": "^1.2.7-types.0",
				"@rbxts/types": "^1.0.544"
			}
		},
		"node_modules/@rbxts/compiler-types": {
			"version": "1.2.7-types.0",
			"resolved": "https://registry.npmjs.org/@rbxts/compiler-types/-/compiler-types-1.2.7-types.0.tgz",
			"integrity": "sha512-YBOO79OuCEMr7DmTJxWywhIAS//wgzUx0DM9WVR9iJGxNyM0s5QZCqoERRS2bggW1V34R5BeYdfFVLDkldk81g==",
			"dev": true
		},
		"node_modules/@rbxts/types": {
			"version": "1.0.544",
			"resolved": "https://registry.npmjs.org/@rbxts/types/-/types-1.0.544.tgz",
			"integrity": "sha512-3SyXBgji3N9yl32DcSyNEFL+gV67uhOBl4pQEBBTxk7BErusi2eaY6zmaKbuAaiFB0MEhCwL+494zcJXarTrZA==",
			"dev": true
		}
	},
	"dependencies": {
		"@rbxts/compiler-types": {
			"version": "1.2.7-types.0",
			"resolved": "https://registry.npmjs.org/@rbxts/compiler-types/-/compiler-types-1.2.7-types.0.tgz",
			"integrity": "sha512-YBOO79OuCEMr7DmTJxWywhIAS//wgzUx0DM9WVR9iJGxNyM0s5QZCqoERRS2bggW1V34R5BeYdfFVLDkldk81g==",
			"dev": true
		},
		"@rbxts/types": {
			"version": "1.0.544",
			"resolved": "https://registry.npmjs.org/@rbxts/types/-/types-1.0.544.tgz",
			"integrity": "sha512-3SyXBgji3N9yl32DcSyNEFL+gV67uhOBl4pQEBBTxk7BErusi2eaY6zmaKbuAaiFB0MEhCwL+494zcJXarTrZA==",
			"dev": true
		}
	}
}
